# THIS IS AN AUTOGENERATED FILE. DO NOT EDIT THIS FILE DIRECTLY.
# yarn lockfile v1


"@aws-cdk/aws-certificatemanager@^0.10.0":
  version "0.10.0"
  resolved "https://registry.yarnpkg.com/@aws-cdk/aws-certificatemanager/-/aws-certificatemanager-0.10.0.tgz#1e1147368e451e6bc04beb8b4bc5b9acc53edd3c"
  dependencies:
    "@aws-cdk/aws-iam" "^0.10.0"
    "@aws-cdk/cdk" "^0.10.0"

"@aws-cdk/aws-cloudfront@^0.10.0":
  version "0.10.0"
  resolved "https://registry.yarnpkg.com/@aws-cdk/aws-cloudfront/-/aws-cloudfront-0.10.0.tgz#dbffac9451fbebb770bc56382d6686aa9de0c589"
  dependencies:
    "@aws-cdk/aws-certificatemanager" "^0.10.0"
    "@aws-cdk/aws-iam" "^0.10.0"
    "@aws-cdk/aws-kms" "^0.10.0"
    "@aws-cdk/aws-s3" "^0.10.0"
    "@aws-cdk/cdk" "^0.10.0"

"@aws-cdk/aws-codepipeline-api@^0.10.0":
  version "0.10.0"
  resolved "https://registry.yarnpkg.com/@aws-cdk/aws-codepipeline-api/-/aws-codepipeline-api-0.10.0.tgz#bb6a23f8341db078cd9db279eac84d7f0b6446ce"
  dependencies:
    "@aws-cdk/aws-events" "^0.10.0"
    "@aws-cdk/aws-iam" "^0.10.0"
    "@aws-cdk/cdk" "^0.10.0"

"@aws-cdk/aws-events@^0.10.0":
  version "0.10.0"
  resolved "https://registry.yarnpkg.com/@aws-cdk/aws-events/-/aws-events-0.10.0.tgz#37e7a1bdcefe4f792a80b9aa46c9d9b52a714567"
  dependencies:
    "@aws-cdk/aws-iam" "^0.10.0"
    "@aws-cdk/cdk" "^0.10.0"

"@aws-cdk/aws-iam@^0.10.0":
  version "0.10.0"
  resolved "https://registry.yarnpkg.com/@aws-cdk/aws-iam/-/aws-iam-0.10.0.tgz#8cf9c752fd39012de1f16387ea5959e90abed4f1"
  dependencies:
    "@aws-cdk/cdk" "^0.10.0"

"@aws-cdk/aws-kms@^0.10.0":
  version "0.10.0"
  resolved "https://registry.yarnpkg.com/@aws-cdk/aws-kms/-/aws-kms-0.10.0.tgz#f85fe72da79cf99becc19fc7a0fc45e1cee7c058"
  dependencies:
    "@aws-cdk/aws-iam" "^0.10.0"
    "@aws-cdk/cdk" "^0.10.0"

"@aws-cdk/aws-s3-notifications@^0.10.0":
  version "0.10.0"
  resolved "https://registry.yarnpkg.com/@aws-cdk/aws-s3-notifications/-/aws-s3-notifications-0.10.0.tgz#064d7184040acd2f0497a3cd060a9fb381c5f499"
  dependencies:
    "@aws-cdk/cdk" "^0.10.0"

"@aws-cdk/aws-s3@^0.10.0":
  version "0.10.0"
  resolved "https://registry.yarnpkg.com/@aws-cdk/aws-s3/-/aws-s3-0.10.0.tgz#65f6a0d675ec66f45def8a7d7ba78c41c722ff47"
  dependencies:
    "@aws-cdk/aws-codepipeline-api" "^0.10.0"
    "@aws-cdk/aws-iam" "^0.10.0"
    "@aws-cdk/aws-kms" "^0.10.0"
    "@aws-cdk/aws-s3-notifications" "^0.10.0"
    "@aws-cdk/cdk" "^0.10.0"

"@aws-cdk/cdk@^0.10.0":
  version "0.10.0"
  resolved "https://registry.yarnpkg.com/@aws-cdk/cdk/-/cdk-0.10.0.tgz#9cfed32410d5c9283814d7102d26cc3db2b444d8"
  dependencies:
    "@aws-cdk/cx-api" "^0.10.0"
    js-base64 "^2.4.5"
    json-diff "^0.3.1"

"@aws-cdk/cx-api@^0.10.0":
  version "0.10.0"
  resolved "https://registry.yarnpkg.com/@aws-cdk/cx-api/-/cx-api-0.10.0.tgz#97b0866159ed28cb391e6f2d6cf553a0432aa0f2"

"@types/node@^10.11.4":
  version "10.11.4"
  resolved "https://registry.yarnpkg.com/@types/node/-/node-10.11.4.tgz#e8bd933c3f78795d580ae41d86590bfc1f4f389d"

arrify@^1.0.0:
  version "1.0.1"
  resolved "https://registry.yarnpkg.com/arrify/-/arrify-1.0.1.tgz#898508da2226f380df904728456849c1501a4b0d"

buffer-from@^1.0.0, buffer-from@^1.1.0:
  version "1.1.1"
  resolved "https://registry.yarnpkg.com/buffer-from/-/buffer-from-1.1.1.tgz#32713bc028f75c02fdb710d7c7bcec1f2c6070ef"

cli-color@~0.1.6:
  version "0.1.7"
  resolved "https://registry.yarnpkg.com/cli-color/-/cli-color-0.1.7.tgz#adc3200fa471cc211b0da7f566b71e98b9d67347"
  dependencies:
    es5-ext "0.8.x"

diff@^3.1.0:
  version "3.5.0"
  resolved "https://registry.yarnpkg.com/diff/-/diff-3.5.0.tgz#800c0dd1e0a8bfbc95835c202ad220fe317e5a12"

difflib@~0.2.1:
  version "0.2.4"
  resolved "https://registry.yarnpkg.com/difflib/-/difflib-0.2.4.tgz#b5e30361a6db023176d562892db85940a718f47e"
  dependencies:
    heap ">= 0.2.0"

dreamopt@~0.6.0:
  version "0.6.0"
  resolved "https://registry.yarnpkg.com/dreamopt/-/dreamopt-0.6.0.tgz#d813ccdac8d39d8ad526775514a13dda664d6b4b"
  dependencies:
    wordwrap ">=0.0.2"

es5-ext@0.8.x:
  version "0.8.2"
  resolved "https://registry.yarnpkg.com/es5-ext/-/es5-ext-0.8.2.tgz#aba8d9e1943a895ac96837a62a39b3f55ecd94ab"

"heap@>= 0.2.0":
  version "0.2.6"
  resolved "https://registry.yarnpkg.com/heap/-/heap-0.2.6.tgz#087e1f10b046932fc8594dd9e6d378afc9d1e5ac"

js-base64@^2.4.5:
  version "2.4.9"
  resolved "https://registry.yarnpkg.com/js-base64/-/js-base64-2.4.9.tgz#748911fb04f48a60c4771b375cac45a80df11c03"

json-diff@^0.3.1:
  version "0.3.1"
  resolved "http://registry.npmjs.org/json-diff/-/json-diff-0.3.1.tgz#6dbc3ae2d25e075a7fd71bcd9874458666fb681b"
  dependencies:
    cli-color "~0.1.6"
    difflib "~0.2.1"
    dreamopt "~0.6.0"

make-error@^1.1.1:
  version "1.3.5"
  resolved "https://registry.yarnpkg.com/make-error/-/make-error-1.3.5.tgz#efe4e81f6db28cadd605c70f29c831b58ef776c8"

minimist@0.0.8:
  version "0.0.8"
  resolved "http://registry.npmjs.org/minimist/-/minimist-0.0.8.tgz#857fcabfc3397d2625b8228262e86aa7a011b05d"

minimist@^1.2.0:
  version "1.2.0"
  resolved "http://registry.npmjs.org/minimist/-/minimist-1.2.0.tgz#a35008b20f41383eec1fb914f4cd5df79a264284"

mkdirp@^0.5.1:
  version "0.5.1"
  resolved "http://registry.npmjs.org/mkdirp/-/mkdirp-0.5.1.tgz#30057438eac6cf7f8c4767f38648d6697d75c903"
  dependencies:
    minimist "0.0.8"

source-map-support@^0.5.6:
  version "0.5.9"
  resolved "https://registry.yarnpkg.com/source-map-support/-/source-map-support-0.5.9.tgz#41bc953b2534267ea2d605bccfa7bfa3111ced5f"
  dependencies:
    buffer-from "^1.0.0"
    source-map "^0.6.0"

source-map@^0.6.0:
  version "0.6.1"
  resolved "https://registry.yarnpkg.com/source-map/-/source-map-0.6.1.tgz#74722af32e9614e9c287a8d0bbde48b5e2f1a263"

ts-node@^7.0.1:
  version "7.0.1"
  resolved "https://registry.yarnpkg.com/ts-node/-/ts-node-7.0.1.tgz#9562dc2d1e6d248d24bc55f773e3f614337d9baf"
  dependencies:
    arrify "^1.0.0"
    buffer-from "^1.1.0"
    diff "^3.1.0"
    make-error "^1.1.1"
    minimist "^1.2.0"
    mkdirp "^0.5.1"
    source-map-support "^0.5.6"
    yn "^2.0.0"

typescript@^3.1.1:
  version "3.1.1"
  resolved "https://registry.yarnpkg.com/typescript/-/typescript-3.1.1.tgz#3362ba9dd1e482ebb2355b02dfe8bcd19a2c7c96"

wordwrap@>=0.0.2:
  version "1.0.0"
  resolved "https://registry.yarnpkg.com/wordwrap/-/wordwrap-1.0.0.tgz#27584810891456a4171c8d0226441ade90cbcaeb"

yn@^2.0.0:
  version "2.0.0"
  resolved "https://registry.yarnpkg.com/yn/-/yn-2.0.0.tgz#e5adabc8acf408f6385fc76495684c88e6af689a"
